
Microsoft Visual Studio Solution File, Format Version 12.00
Project("{FAE04EC0-301F-11D3-BF4B-00C04F79EFBC}") = "TurboCollections", "TurboCollections\TurboCollections.csproj", "{EB262C9B-4EAA-4D18-990D-865B28752A44}"
EndProject
Project("{FAE04EC0-301F-11D3-BF4B-00C04F79EFBC}") = "CustomerManagement", "CustomerManagement\CustomerManagement.csproj", "{2B662096-5E9B-4690-966E-5412307F8EFF}"
EndProject
Project("{FAE04EC0-301F-11D3-BF4B-00C04F79EFBC}") = "TurboCollections.Test", "TurboCollections.Test\TurboCollections.Test.csproj", "{FE39802B-D6D8-4423-9734-F6E8311838D4}"
EndProject
Global
	GlobalSection(SolutionConfigurationPlatforms) = preSolution
		Debug|Any CPU = Debug|Any CPU
		Release|Any CPU = Release|Any CPU
	EndGlobalSection
	GlobalSection(ProjectConfigurationPlatforms) = postSolution
		{EB262C9B-4EAA-4D18-990D-865B28752A44}.Debug|Any CPU.ActiveCfg = Debug|Any CPU
		{EB262C9B-4EAA-4D18-990D-865B28752A44}.Debug|Any CPU.Build.0 = Debug|Any CPU
		{EB262C9B-4EAA-4D18-990D-865B28752A44}.Release|Any CPU.ActiveCfg = Release|Any CPU
		{EB262C9B-4EAA-4D18-990D-865B28752A44}.Release|Any CPU.Build.0 = Release|Any CPU
		{2B662096-5E9B-4690-966E-5412307F8EFF}.Debug|Any CPU.ActiveCfg = Debug|Any CPU
		{2B662096-5E9B-4690-966E-5412307F8EFF}.Debug|Any CPU.Build.0 = Debug|Any CPU
		{2B662096-5E9B-4690-966E-5412307F8EFF}.Release|Any CPU.ActiveCfg = Release|Any CPU
		{2B662096-5E9B-4690-966E-5412307F8EFF}.Release|Any CPU.Build.0 = Release|Any CPU
		{FE39802B-D6D8-4423-9734-F6E8311838D4}.Debug|Any CPU.ActiveCfg = Debug|Any CPU
		{FE39802B-D6D8-4423-9734-F6E8311838D4}.Debug|Any CPU.Build.0 = Debug|Any CPU
		{FE39802B-D6D8-4423-9734-F6E8311838D4}.Release|Any CPU.ActiveCfg = Release|Any CPU
		{FE39802B-D6D8-4423-9734-F6E8311838D4}.Release|Any CPU.Build.0 = Release|Any CPU
	EndGlobalSection
EndGlobal
